
Microsoft Visual Studio Solution File, Format Version 12.00
# Visual Studio Version 16
VisualStudioVersion = 16.0.31702.278
MinimumVisualStudioVersion = 10.0.40219.1
Project("{FAE04EC0-301F-11D3-BF4B-00C04F79EFBC}") = "Interface", "Interface\Interface.csproj", "{EAD492DF-E732-4CB9-A397-D112D8AED38A}"
EndProject
Global
	GlobalSection(SolutionConfigurationPlatforms) = preSolution
		Debug|Any CPU = Debug|Any CPU
		Release|Any CPU = Release|Any CPU
	EndGlobalSection
	GlobalSection(ProjectConfigurationPlatforms) = postSolution
		{EAD492DF-E732-4CB9-A397-D112D8AED38A}.Debug|Any CPU.ActiveCfg = Debug|Any CPU
		{EAD492DF-E732-4CB9-A397-D112D8AED38A}.Debug|Any CPU.Build.0 = Debug|Any CPU
		{EAD492DF-E732-4CB9-A397-D112D8AED38A}.Release|Any CPU.ActiveCfg = Release|Any CPU
		{EAD492DF-E732-4CB9-A397-D112D8AED38A}.Release|Any CPU.Build.0 = Release|Any CPU
	EndGlobalSection
	GlobalSection(SolutionProperties) = preSolution
		HideSolutionNode = FALSE
	EndGlobalSection
	GlobalSection(ExtensibilityGlobals) = postSolution
		SolutionGuid = {85809B86-7623-44B4-B878-E0802F61ACD3}
	EndGlobalSection
EndGlobal
